
Microsoft Visual Studio Solution File, Format Version 12.00
# Visual Studio 14
VisualStudioVersion = 14.0.25123.0
MinimumVisualStudioVersion = 10.0.40219.1
Project("{FAE04EC0-301F-11D3-BF4B-00C04F79EFBC}") = "DiceRollerCollection", "..\..\visual studio 2015\Projects\DiceRollerCollection\DiceRollerCollection\DiceRollerCollection.csproj", "{946140E0-4A0D-4471-81B5-6F0C3391C981}"
EndProject
Project("{FAE04EC0-301F-11D3-BF4B-00C04F79EFBC}") = "DiceRollerTest", "DiceRollerTest\DiceRollerTest.csproj", "{6F6CD48E-E153-4F7A-A3A3-0A90B81D2D94}"
EndProject
Global
	GlobalSection(SolutionConfigurationPlatforms) = preSolution
		Debug|Any CPU = Debug|Any CPU
		Release|Any CPU = Release|Any CPU
	EndGlobalSection
	GlobalSection(ProjectConfigurationPlatforms) = postSolution
		{946140E0-4A0D-4471-81B5-6F0C3391C981}.Debug|Any CPU.ActiveCfg = Debug|Any CPU
		{946140E0-4A0D-4471-81B5-6F0C3391C981}.Debug|Any CPU.Build.0 = Debug|Any CPU
		{946140E0-4A0D-4471-81B5-6F0C3391C981}.Release|Any CPU.ActiveCfg = Release|Any CPU
		{946140E0-4A0D-4471-81B5-6F0C3391C981}.Release|Any CPU.Build.0 = Release|Any CPU
		{6F6CD48E-E153-4F7A-A3A3-0A90B81D2D94}.Debug|Any CPU.ActiveCfg = Debug|Any CPU
		{6F6CD48E-E153-4F7A-A3A3-0A90B81D2D94}.Debug|Any CPU.Build.0 = Debug|Any CPU
		{6F6CD48E-E153-4F7A-A3A3-0A90B81D2D94}.Release|Any CPU.ActiveCfg = Release|Any CPU
		{6F6CD48E-E153-4F7A-A3A3-0A90B81D2D94}.Release|Any CPU.Build.0 = Release|Any CPU
	EndGlobalSection
	GlobalSection(SolutionProperties) = preSolution
		HideSolutionNode = FALSE
	EndGlobalSection
EndGlobal
