
Microsoft Visual Studio Solution File, Format Version 12.00
# Visual Studio 14
VisualStudioVersion = 14.0.25123.0
MinimumVisualStudioVersion = 10.0.40219.1
Project("{FAE04EC0-301F-11D3-BF4B-00C04F79EFBC}") = "Warmups", "..\akron-dotnet-may-2016-materials\SampleCode\Warmups\Warmups\Warmups.csproj", "{135AE77B-09C1-459B-A75B-32F6DD139FDC}"
EndProject
Project("{FAE04EC0-301F-11D3-BF4B-00C04F79EFBC}") = "Warmups.Tests", "..\akron-dotnet-may-2016-materials\SampleCode\Warmups\Warmups.Tests\Warmups.Tests.csproj", "{D6ECDDDF-02C4-4E6B-98CD-4D461C473AEE}"
EndProject
Global
	GlobalSection(SolutionConfigurationPlatforms) = preSolution
		Debug|Any CPU = Debug|Any CPU
		Release|Any CPU = Release|Any CPU
	EndGlobalSection
	GlobalSection(ProjectConfigurationPlatforms) = postSolution
		{135AE77B-09C1-459B-A75B-32F6DD139FDC}.Debug|Any CPU.ActiveCfg = Debug|Any CPU
		{135AE77B-09C1-459B-A75B-32F6DD139FDC}.Debug|Any CPU.Build.0 = Debug|Any CPU
		{135AE77B-09C1-459B-A75B-32F6DD139FDC}.Release|Any CPU.ActiveCfg = Release|Any CPU
		{135AE77B-09C1-459B-A75B-32F6DD139FDC}.Release|Any CPU.Build.0 = Release|Any CPU
		{D6ECDDDF-02C4-4E6B-98CD-4D461C473AEE}.Debug|Any CPU.ActiveCfg = Debug|Any CPU
		{D6ECDDDF-02C4-4E6B-98CD-4D461C473AEE}.Debug|Any CPU.Build.0 = Debug|Any CPU
		{D6ECDDDF-02C4-4E6B-98CD-4D461C473AEE}.Release|Any CPU.ActiveCfg = Release|Any CPU
		{D6ECDDDF-02C4-4E6B-98CD-4D461C473AEE}.Release|Any CPU.Build.0 = Release|Any CPU
	EndGlobalSection
	GlobalSection(SolutionProperties) = preSolution
		HideSolutionNode = FALSE
	EndGlobalSection
EndGlobal
