
Microsoft Visual Studio Solution File, Format Version 12.00
# Visual Studio 14
VisualStudioVersion = 14.0.25123.0
MinimumVisualStudioVersion = 10.0.40219.1
Project("{FAE04EC0-301F-11D3-BF4B-00C04F79EFBC}") = "HeroSaga", "HeroSaga\HeroSaga.csproj", "{D115901C-F095-40A4-ADEF-D74BD5A1D393}"
EndProject
Project("{FAE04EC0-301F-11D3-BF4B-00C04F79EFBC}") = "HeroSaga.Data", "HeroSaga.Data\HeroSaga.Data.csproj", "{6A448A22-3307-4589-9F93-3E791719BBAD}"
EndProject
Project("{FAE04EC0-301F-11D3-BF4B-00C04F79EFBC}") = "HeroSaga.Models", "HeroSaga.Models\HeroSaga.Models.csproj", "{6495F32C-0ED7-40DA-AADA-362943809C79}"
EndProject
Global
	GlobalSection(SolutionConfigurationPlatforms) = preSolution
		Debug|Any CPU = Debug|Any CPU
		Release|Any CPU = Release|Any CPU
	EndGlobalSection
	GlobalSection(ProjectConfigurationPlatforms) = postSolution
		{D115901C-F095-40A4-ADEF-D74BD5A1D393}.Debug|Any CPU.ActiveCfg = Debug|Any CPU
		{D115901C-F095-40A4-ADEF-D74BD5A1D393}.Debug|Any CPU.Build.0 = Debug|Any CPU
		{D115901C-F095-40A4-ADEF-D74BD5A1D393}.Release|Any CPU.ActiveCfg = Release|Any CPU
		{D115901C-F095-40A4-ADEF-D74BD5A1D393}.Release|Any CPU.Build.0 = Release|Any CPU
		{6A448A22-3307-4589-9F93-3E791719BBAD}.Debug|Any CPU.ActiveCfg = Debug|Any CPU
		{6A448A22-3307-4589-9F93-3E791719BBAD}.Debug|Any CPU.Build.0 = Debug|Any CPU
		{6A448A22-3307-4589-9F93-3E791719BBAD}.Release|Any CPU.ActiveCfg = Release|Any CPU
		{6A448A22-3307-4589-9F93-3E791719BBAD}.Release|Any CPU.Build.0 = Release|Any CPU
		{6495F32C-0ED7-40DA-AADA-362943809C79}.Debug|Any CPU.ActiveCfg = Debug|Any CPU
		{6495F32C-0ED7-40DA-AADA-362943809C79}.Debug|Any CPU.Build.0 = Debug|Any CPU
		{6495F32C-0ED7-40DA-AADA-362943809C79}.Release|Any CPU.ActiveCfg = Release|Any CPU
		{6495F32C-0ED7-40DA-AADA-362943809C79}.Release|Any CPU.Build.0 = Release|Any CPU
	EndGlobalSection
	GlobalSection(SolutionProperties) = preSolution
		HideSolutionNode = FALSE
	EndGlobalSection
EndGlobal
